
Microsoft Visual Studio Solution File, Format Version 12.00
# Visual Studio 15
VisualStudioVersion = 15.0.28307.902
MinimumVisualStudioVersion = 10.0.40219.1
Project("{FAE04EC0-301F-11D3-BF4B-00C04F79EFBC}") = "Lab 8.2", "Lab 8.2\Lab 8.2.csproj", "{75D64BF6-C454-466C-9E1B-F16D303CF8F5}"
EndProject
Global
	GlobalSection(SolutionConfigurationPlatforms) = preSolution
		Debug|Any CPU = Debug|Any CPU
		Release|Any CPU = Release|Any CPU
	EndGlobalSection
	GlobalSection(ProjectConfigurationPlatforms) = postSolution
		{75D64BF6-C454-466C-9E1B-F16D303CF8F5}.Debug|Any CPU.ActiveCfg = Debug|Any CPU
		{75D64BF6-C454-466C-9E1B-F16D303CF8F5}.Debug|Any CPU.Build.0 = Debug|Any CPU
		{75D64BF6-C454-466C-9E1B-F16D303CF8F5}.Release|Any CPU.ActiveCfg = Release|Any CPU
		{75D64BF6-C454-466C-9E1B-F16D303CF8F5}.Release|Any CPU.Build.0 = Release|Any CPU
	EndGlobalSection
	GlobalSection(SolutionProperties) = preSolution
		HideSolutionNode = FALSE
	EndGlobalSection
	GlobalSection(ExtensibilityGlobals) = postSolution
		SolutionGuid = {C65C6277-DC99-48CE-8B5E-F25642ACA9C3}
	EndGlobalSection
EndGlobal
