
Microsoft Visual Studio Solution File, Format Version 12.00
# Visual Studio Version 16
VisualStudioVersion = 16.0.29306.81
MinimumVisualStudioVersion = 10.0.40219.1
Project("{FAE04EC0-301F-11D3-BF4B-00C04F79EFBC}") = "Lab 8", "Lab 8\Lab 8.csproj", "{FFF96216-CE14-4369-80D0-9DD4C214C394}"
EndProject
Global
	GlobalSection(SolutionConfigurationPlatforms) = preSolution
		Debug|Any CPU = Debug|Any CPU
		Release|Any CPU = Release|Any CPU
	EndGlobalSection
	GlobalSection(ProjectConfigurationPlatforms) = postSolution
		{FFF96216-CE14-4369-80D0-9DD4C214C394}.Debug|Any CPU.ActiveCfg = Debug|Any CPU
		{FFF96216-CE14-4369-80D0-9DD4C214C394}.Debug|Any CPU.Build.0 = Debug|Any CPU
		{FFF96216-CE14-4369-80D0-9DD4C214C394}.Release|Any CPU.ActiveCfg = Release|Any CPU
		{FFF96216-CE14-4369-80D0-9DD4C214C394}.Release|Any CPU.Build.0 = Release|Any CPU
	EndGlobalSection
	GlobalSection(SolutionProperties) = preSolution
		HideSolutionNode = FALSE
	EndGlobalSection
	GlobalSection(ExtensibilityGlobals) = postSolution
		SolutionGuid = {531F490C-0156-46D4-AAEF-08D6B6ABCE0F}
	EndGlobalSection
EndGlobal
