
Microsoft Visual Studio Solution File, Format Version 12.00
# Visual Studio 15
VisualStudioVersion = 15.0.28307.902
MinimumVisualStudioVersion = 10.0.40219.1
Project("{FAE04EC0-301F-11D3-BF4B-00C04F79EFBC}") = "Kolokwium_1", "Kolokwium_1\Kolokwium_1.csproj", "{D919B624-ABDE-4C8E-BBC7-28CE57BC2D00}"
EndProject
Global
	GlobalSection(SolutionConfigurationPlatforms) = preSolution
		Debug|Any CPU = Debug|Any CPU
		Release|Any CPU = Release|Any CPU
	EndGlobalSection
	GlobalSection(ProjectConfigurationPlatforms) = postSolution
		{D919B624-ABDE-4C8E-BBC7-28CE57BC2D00}.Debug|Any CPU.ActiveCfg = Debug|Any CPU
		{D919B624-ABDE-4C8E-BBC7-28CE57BC2D00}.Debug|Any CPU.Build.0 = Debug|Any CPU
		{D919B624-ABDE-4C8E-BBC7-28CE57BC2D00}.Release|Any CPU.ActiveCfg = Release|Any CPU
		{D919B624-ABDE-4C8E-BBC7-28CE57BC2D00}.Release|Any CPU.Build.0 = Release|Any CPU
	EndGlobalSection
	GlobalSection(SolutionProperties) = preSolution
		HideSolutionNode = FALSE
	EndGlobalSection
	GlobalSection(ExtensibilityGlobals) = postSolution
		SolutionGuid = {F8F5FA63-F4A9-4DDA-8FD9-B56C64208FB9}
	EndGlobalSection
EndGlobal
