
Microsoft Visual Studio Solution File, Format Version 12.00
# Visual Studio Version 16
VisualStudioVersion = 16.0.29306.81
MinimumVisualStudioVersion = 10.0.40219.1
Project("{FAE04EC0-301F-11D3-BF4B-00C04F79EFBC}") = "Lab13", "Lab13.csproj", "{10B56D81-B7AD-4815-93E4-A5892946CC4F}"
EndProject
Global
	GlobalSection(SolutionConfigurationPlatforms) = preSolution
		Debug|Any CPU = Debug|Any CPU
		Release|Any CPU = Release|Any CPU
	EndGlobalSection
	GlobalSection(ProjectConfigurationPlatforms) = postSolution
		{10B56D81-B7AD-4815-93E4-A5892946CC4F}.Debug|Any CPU.ActiveCfg = Debug|Any CPU
		{10B56D81-B7AD-4815-93E4-A5892946CC4F}.Debug|Any CPU.Build.0 = Debug|Any CPU
		{10B56D81-B7AD-4815-93E4-A5892946CC4F}.Release|Any CPU.ActiveCfg = Release|Any CPU
		{10B56D81-B7AD-4815-93E4-A5892946CC4F}.Release|Any CPU.Build.0 = Release|Any CPU
	EndGlobalSection
	GlobalSection(SolutionProperties) = preSolution
		HideSolutionNode = FALSE
	EndGlobalSection
	GlobalSection(ExtensibilityGlobals) = postSolution
		SolutionGuid = {E7A198E9-171D-43C5-A5D9-2AA3E45F6763}
	EndGlobalSection
EndGlobal
